
Microsoft Visual Studio Solution File, Format Version 12.00
# Visual Studio 15
VisualStudioVersion = 15.0.26730.16
MinimumVisualStudioVersion = 10.0.40219.1
Project("{888888A0-9F3D-457C-B088-3A5042F75D52}") = "dmath", "dmath.pyproj", "{73B80E8D-452B-470C-8D44-5F30C1C3DFE4}"
EndProject
Global
	GlobalSection(SolutionConfigurationPlatforms) = preSolution
		Debug|Any CPU = Debug|Any CPU
		Release|Any CPU = Release|Any CPU
	EndGlobalSection
	GlobalSection(ProjectConfigurationPlatforms) = postSolution
		{73B80E8D-452B-470C-8D44-5F30C1C3DFE4}.Debug|Any CPU.ActiveCfg = Debug|Any CPU
		{73B80E8D-452B-470C-8D44-5F30C1C3DFE4}.Release|Any CPU.ActiveCfg = Release|Any CPU
	EndGlobalSection
	GlobalSection(SolutionProperties) = preSolution
		HideSolutionNode = FALSE
	EndGlobalSection
	GlobalSection(ExtensibilityGlobals) = postSolution
		SolutionGuid = {8C415EBC-7EF5-4587-BD75-3682C1FCEA04}
	EndGlobalSection
EndGlobal
